
Microsoft Visual Studio Solution File, Format Version 12.00
# Visual Studio 2012
Project("{FAE04EC0-301F-11D3-BF4B-00C04F79EFBC}") = "H2_fibonacci", "H2_fibonacci\H2_fibonacci.csproj", "{F83E3072-91ED-49FF-91BB-04B7854B1379}"
EndProject
Global
	GlobalSection(SolutionConfigurationPlatforms) = preSolution
		Debug|Any CPU = Debug|Any CPU
		Release|Any CPU = Release|Any CPU
	EndGlobalSection
	GlobalSection(ProjectConfigurationPlatforms) = postSolution
		{F83E3072-91ED-49FF-91BB-04B7854B1379}.Debug|Any CPU.ActiveCfg = Debug|Any CPU
		{F83E3072-91ED-49FF-91BB-04B7854B1379}.Debug|Any CPU.Build.0 = Debug|Any CPU
		{F83E3072-91ED-49FF-91BB-04B7854B1379}.Release|Any CPU.ActiveCfg = Release|Any CPU
		{F83E3072-91ED-49FF-91BB-04B7854B1379}.Release|Any CPU.Build.0 = Release|Any CPU
	EndGlobalSection
	GlobalSection(SolutionProperties) = preSolution
		HideSolutionNode = FALSE
	EndGlobalSection
EndGlobal
