
Microsoft Visual Studio Solution File, Format Version 12.00
# Visual Studio 2012
Project("{FAE04EC0-301F-11D3-BF4B-00C04F79EFBC}") = "App_2_Hello", "App_2_Hello\App_2_Hello.csproj", "{0A3A2771-D001-421B-90C0-21D779966156}"
EndProject
Global
	GlobalSection(SolutionConfigurationPlatforms) = preSolution
		Debug|Any CPU = Debug|Any CPU
		Release|Any CPU = Release|Any CPU
	EndGlobalSection
	GlobalSection(ProjectConfigurationPlatforms) = postSolution
		{0A3A2771-D001-421B-90C0-21D779966156}.Debug|Any CPU.ActiveCfg = Debug|Any CPU
		{0A3A2771-D001-421B-90C0-21D779966156}.Debug|Any CPU.Build.0 = Debug|Any CPU
		{0A3A2771-D001-421B-90C0-21D779966156}.Release|Any CPU.ActiveCfg = Release|Any CPU
		{0A3A2771-D001-421B-90C0-21D779966156}.Release|Any CPU.Build.0 = Release|Any CPU
	EndGlobalSection
	GlobalSection(SolutionProperties) = preSolution
		HideSolutionNode = FALSE
	EndGlobalSection
EndGlobal
