
Microsoft Visual Studio Solution File, Format Version 12.00
# Visual Studio 2012
Project("{FAE04EC0-301F-11D3-BF4B-00C04F79EFBC}") = "App_30_E6_Catch", "App_30_E6_Catch\App_30_E6_Catch.csproj", "{6506B2E1-CB51-4F25-8494-71288EB58A4D}"
EndProject
Global
	GlobalSection(SolutionConfigurationPlatforms) = preSolution
		Debug|Any CPU = Debug|Any CPU
		Release|Any CPU = Release|Any CPU
	EndGlobalSection
	GlobalSection(ProjectConfigurationPlatforms) = postSolution
		{6506B2E1-CB51-4F25-8494-71288EB58A4D}.Debug|Any CPU.ActiveCfg = Debug|Any CPU
		{6506B2E1-CB51-4F25-8494-71288EB58A4D}.Debug|Any CPU.Build.0 = Debug|Any CPU
		{6506B2E1-CB51-4F25-8494-71288EB58A4D}.Release|Any CPU.ActiveCfg = Release|Any CPU
		{6506B2E1-CB51-4F25-8494-71288EB58A4D}.Release|Any CPU.Build.0 = Release|Any CPU
	EndGlobalSection
	GlobalSection(SolutionProperties) = preSolution
		HideSolutionNode = FALSE
	EndGlobalSection
EndGlobal
