
Microsoft Visual Studio Solution File, Format Version 12.00
# Visual Studio 2012
Project("{FAE04EC0-301F-11D3-BF4B-00C04F79EFBC}") = "App_11_foreach_手动输入键和值", "App_11_foreach_手动输入键和值\App_11_foreach_手动输入键和值.csproj", "{ED361D2A-809B-4F25-955F-13E7749F8866}"
EndProject
Global
	GlobalSection(SolutionConfigurationPlatforms) = preSolution
		Debug|Any CPU = Debug|Any CPU
		Release|Any CPU = Release|Any CPU
	EndGlobalSection
	GlobalSection(ProjectConfigurationPlatforms) = postSolution
		{ED361D2A-809B-4F25-955F-13E7749F8866}.Debug|Any CPU.ActiveCfg = Debug|Any CPU
		{ED361D2A-809B-4F25-955F-13E7749F8866}.Debug|Any CPU.Build.0 = Debug|Any CPU
		{ED361D2A-809B-4F25-955F-13E7749F8866}.Release|Any CPU.ActiveCfg = Release|Any CPU
		{ED361D2A-809B-4F25-955F-13E7749F8866}.Release|Any CPU.Build.0 = Release|Any CPU
	EndGlobalSection
	GlobalSection(SolutionProperties) = preSolution
		HideSolutionNode = FALSE
	EndGlobalSection
EndGlobal
