
Microsoft Visual Studio Solution File, Format Version 12.00
# Visual Studio 2012
Project("{FAE04EC0-301F-11D3-BF4B-00C04F79EFBC}") = "附加题_生活记账簿", "附加题_生活记账簿\附加题_生活记账簿.csproj", "{12276578-2298-41B0-B083-D33A2BA3DD07}"
EndProject
Global
	GlobalSection(SolutionConfigurationPlatforms) = preSolution
		Debug|Any CPU = Debug|Any CPU
		Release|Any CPU = Release|Any CPU
	EndGlobalSection
	GlobalSection(ProjectConfigurationPlatforms) = postSolution
		{12276578-2298-41B0-B083-D33A2BA3DD07}.Debug|Any CPU.ActiveCfg = Debug|Any CPU
		{12276578-2298-41B0-B083-D33A2BA3DD07}.Debug|Any CPU.Build.0 = Debug|Any CPU
		{12276578-2298-41B0-B083-D33A2BA3DD07}.Release|Any CPU.ActiveCfg = Release|Any CPU
		{12276578-2298-41B0-B083-D33A2BA3DD07}.Release|Any CPU.Build.0 = Release|Any CPU
	EndGlobalSection
	GlobalSection(SolutionProperties) = preSolution
		HideSolutionNode = FALSE
	EndGlobalSection
EndGlobal
