
Microsoft Visual Studio Solution File, Format Version 12.00
# Visual Studio 2012
Project("{FAE04EC0-301F-11D3-BF4B-00C04F79EFBC}") = "App_28_E4_第四章综合复习", "App_28_E4_第四章综合复习\App_28_E4_第四章综合复习.csproj", "{809E2813-8F06-4C00-9380-35C59304D10A}"
EndProject
Global
	GlobalSection(SolutionConfigurationPlatforms) = preSolution
		Debug|Any CPU = Debug|Any CPU
		Release|Any CPU = Release|Any CPU
	EndGlobalSection
	GlobalSection(ProjectConfigurationPlatforms) = postSolution
		{809E2813-8F06-4C00-9380-35C59304D10A}.Debug|Any CPU.ActiveCfg = Debug|Any CPU
		{809E2813-8F06-4C00-9380-35C59304D10A}.Debug|Any CPU.Build.0 = Debug|Any CPU
		{809E2813-8F06-4C00-9380-35C59304D10A}.Release|Any CPU.ActiveCfg = Release|Any CPU
		{809E2813-8F06-4C00-9380-35C59304D10A}.Release|Any CPU.Build.0 = Release|Any CPU
	EndGlobalSection
	GlobalSection(SolutionProperties) = preSolution
		HideSolutionNode = FALSE
	EndGlobalSection
EndGlobal
