
Microsoft Visual Studio Solution File, Format Version 12.00
# Visual Studio Version 16
VisualStudioVersion = 16.0.29009.5
MinimumVisualStudioVersion = 10.0.40219.1
Project("{FAE04EC0-301F-11D3-BF4B-00C04F79EFBC}") = "期末练习_1_Timer", "期末练习_1_Timer\期末练习_1_Timer.csproj", "{9D02E619-94B9-43D8-A2B2-F1E82F90401A}"
EndProject
Global
	GlobalSection(SolutionConfigurationPlatforms) = preSolution
		Debug|Any CPU = Debug|Any CPU
		Release|Any CPU = Release|Any CPU
	EndGlobalSection
	GlobalSection(ProjectConfigurationPlatforms) = postSolution
		{9D02E619-94B9-43D8-A2B2-F1E82F90401A}.Debug|Any CPU.ActiveCfg = Debug|Any CPU
		{9D02E619-94B9-43D8-A2B2-F1E82F90401A}.Debug|Any CPU.Build.0 = Debug|Any CPU
		{9D02E619-94B9-43D8-A2B2-F1E82F90401A}.Release|Any CPU.ActiveCfg = Release|Any CPU
		{9D02E619-94B9-43D8-A2B2-F1E82F90401A}.Release|Any CPU.Build.0 = Release|Any CPU
	EndGlobalSection
	GlobalSection(SolutionProperties) = preSolution
		HideSolutionNode = FALSE
	EndGlobalSection
	GlobalSection(ExtensibilityGlobals) = postSolution
		SolutionGuid = {BC7ADCAD-786D-4D00-9C72-0B82A18AB795}
	EndGlobalSection
EndGlobal
