
Microsoft Visual Studio Solution File, Format Version 12.00
# Visual Studio 2012
Project("{FAE04EC0-301F-11D3-BF4B-00C04F79EFBC}") = "App_9_EG_3_11_判断素数", "App_9_EG_3_11_判断素数\App_9_EG_3_11_判断素数.csproj", "{D2651A19-8ED8-4A8D-98CB-16A909BBFB27}"
EndProject
Global
	GlobalSection(SolutionConfigurationPlatforms) = preSolution
		Debug|Any CPU = Debug|Any CPU
		Release|Any CPU = Release|Any CPU
	EndGlobalSection
	GlobalSection(ProjectConfigurationPlatforms) = postSolution
		{D2651A19-8ED8-4A8D-98CB-16A909BBFB27}.Debug|Any CPU.ActiveCfg = Debug|Any CPU
		{D2651A19-8ED8-4A8D-98CB-16A909BBFB27}.Debug|Any CPU.Build.0 = Debug|Any CPU
		{D2651A19-8ED8-4A8D-98CB-16A909BBFB27}.Release|Any CPU.ActiveCfg = Release|Any CPU
		{D2651A19-8ED8-4A8D-98CB-16A909BBFB27}.Release|Any CPU.Build.0 = Release|Any CPU
	EndGlobalSection
	GlobalSection(SolutionProperties) = preSolution
		HideSolutionNode = FALSE
	EndGlobalSection
EndGlobal
