
Microsoft Visual Studio Solution File, Format Version 12.00
# Visual Studio 2012
Project("{FAE04EC0-301F-11D3-BF4B-00C04F79EFBC}") = "App_32_大小写转换", "App_32_大小写转换\App_32_大小写转换.csproj", "{80C72AD8-1474-4E6F-AF45-75B901230C1C}"
EndProject
Global
	GlobalSection(SolutionConfigurationPlatforms) = preSolution
		Debug|Any CPU = Debug|Any CPU
		Release|Any CPU = Release|Any CPU
	EndGlobalSection
	GlobalSection(ProjectConfigurationPlatforms) = postSolution
		{80C72AD8-1474-4E6F-AF45-75B901230C1C}.Debug|Any CPU.ActiveCfg = Debug|Any CPU
		{80C72AD8-1474-4E6F-AF45-75B901230C1C}.Debug|Any CPU.Build.0 = Debug|Any CPU
		{80C72AD8-1474-4E6F-AF45-75B901230C1C}.Release|Any CPU.ActiveCfg = Release|Any CPU
		{80C72AD8-1474-4E6F-AF45-75B901230C1C}.Release|Any CPU.Build.0 = Release|Any CPU
	EndGlobalSection
	GlobalSection(SolutionProperties) = preSolution
		HideSolutionNode = FALSE
	EndGlobalSection
EndGlobal
