
Microsoft Visual Studio Solution File, Format Version 12.00
# Visual Studio Version 16
VisualStudioVersion = 16.0.29009.5
MinimumVisualStudioVersion = 10.0.40219.1
Project("{FAE04EC0-301F-11D3-BF4B-00C04F79EFBC}") = "App_37_E7_File_1", "App_37_E7_File_1\App_37_E7_File_1.csproj", "{FA757A2B-0A96-4A12-9FC0-835971BFAFAC}"
EndProject
Global
	GlobalSection(SolutionConfigurationPlatforms) = preSolution
		Debug|Any CPU = Debug|Any CPU
		Release|Any CPU = Release|Any CPU
	EndGlobalSection
	GlobalSection(ProjectConfigurationPlatforms) = postSolution
		{FA757A2B-0A96-4A12-9FC0-835971BFAFAC}.Debug|Any CPU.ActiveCfg = Debug|Any CPU
		{FA757A2B-0A96-4A12-9FC0-835971BFAFAC}.Debug|Any CPU.Build.0 = Debug|Any CPU
		{FA757A2B-0A96-4A12-9FC0-835971BFAFAC}.Release|Any CPU.ActiveCfg = Release|Any CPU
		{FA757A2B-0A96-4A12-9FC0-835971BFAFAC}.Release|Any CPU.Build.0 = Release|Any CPU
	EndGlobalSection
	GlobalSection(SolutionProperties) = preSolution
		HideSolutionNode = FALSE
	EndGlobalSection
	GlobalSection(ExtensibilityGlobals) = postSolution
		SolutionGuid = {287F23C0-E096-483F-9FB5-475BC7EA4EF9}
	EndGlobalSection
EndGlobal
