
Microsoft Visual Studio Solution File, Format Version 12.00
# Visual Studio 2012
Project("{FAE04EC0-301F-11D3-BF4B-00C04F79EFBC}") = "App_33_简易打字器", "App_33_简易打字器\App_33_简易打字器.csproj", "{B6DC57AE-7289-450E-9106-9A0DDC8E6854}"
EndProject
Global
	GlobalSection(SolutionConfigurationPlatforms) = preSolution
		Debug|Any CPU = Debug|Any CPU
		Release|Any CPU = Release|Any CPU
	EndGlobalSection
	GlobalSection(ProjectConfigurationPlatforms) = postSolution
		{B6DC57AE-7289-450E-9106-9A0DDC8E6854}.Debug|Any CPU.ActiveCfg = Debug|Any CPU
		{B6DC57AE-7289-450E-9106-9A0DDC8E6854}.Debug|Any CPU.Build.0 = Debug|Any CPU
		{B6DC57AE-7289-450E-9106-9A0DDC8E6854}.Release|Any CPU.ActiveCfg = Release|Any CPU
		{B6DC57AE-7289-450E-9106-9A0DDC8E6854}.Release|Any CPU.Build.0 = Release|Any CPU
	EndGlobalSection
	GlobalSection(SolutionProperties) = preSolution
		HideSolutionNode = FALSE
	EndGlobalSection
EndGlobal
